
Microsoft Visual Studio Solution File, Format Version 12.00
# Visual Studio Version 17
VisualStudioVersion = 17.5.33516.290
MinimumVisualStudioVersion = 10.0.40219.1
Project("{FAE04EC0-301F-11D3-BF4B-00C04F79EFBC}") = "QuanLySinhVien", "..\..\..\OneDrive\Documents\ASPNet\QLSinhVien\QuanLySinhVien.csproj", "{27F193B6-1EF9-4569-B900-7F8C64C346B6}"
EndProject
Global
	GlobalSection(SolutionConfigurationPlatforms) = preSolution
		Debug|Any CPU = Debug|Any CPU
		Release|Any CPU = Release|Any CPU
	EndGlobalSection
	GlobalSection(ProjectConfigurationPlatforms) = postSolution
		{27F193B6-1EF9-4569-B900-7F8C64C346B6}.Debug|Any CPU.ActiveCfg = Debug|Any CPU
		{27F193B6-1EF9-4569-B900-7F8C64C346B6}.Debug|Any CPU.Build.0 = Debug|Any CPU
		{27F193B6-1EF9-4569-B900-7F8C64C346B6}.Release|Any CPU.ActiveCfg = Release|Any CPU
		{27F193B6-1EF9-4569-B900-7F8C64C346B6}.Release|Any CPU.Build.0 = Release|Any CPU
	EndGlobalSection
	GlobalSection(SolutionProperties) = preSolution
		HideSolutionNode = FALSE
	EndGlobalSection
	GlobalSection(ExtensibilityGlobals) = postSolution
		SolutionGuid = {ECA1F37B-BE36-4DE5-BBED-7865A18BE9D1}
	EndGlobalSection
EndGlobal
